{
  "name": "changxian-remote-control-skill",
  "lockfileVersion": 3,
  "requires": true,
  "packages": {
    "": {
      "name": "changxian-remote-control-skill",
      "dependencies": {
        "weixin-agent-sdk": "^0.1.0"
      }
    },
    "node_modules/qrcode-terminal": {
      "version": "0.12.0",
      "resolved": "https://registry.npmjs.org/qrcode-terminal/-/qrcode-terminal-0.12.0.tgz",
      "integrity": "sha512-EXtzRZmC+YGmGlDFbXKxQiMZNwCLEO6BANKXG4iCtSIM0yqc/pappSx3RIKr4r0uh5JsBckOXeKrB3Iz7mdQpQ==",
      "bin": {
        "qrcode-terminal": "bin/qrcode-terminal.js"
      }
    },
    "node_modules/weixin-agent-sdk": {
      "version": "0.1.0",
      "resolved": "https://registry.npmjs.org/weixin-agent-sdk/-/weixin-agent-sdk-0.1.0.tgz",
      "integrity": "sha512-w/EVit3HlL2wvZ9wPTS6EFJOHMZRqt3HBKxh1/JRTTvb7Qfv8cvR9p4aWB+w5gR1Lf5TOyAxXGdP861ik7VRSQ==",
      "license": "MIT",
      "dependencies": {
        "qrcode-terminal": "0.12.0"
      },
      "engines": {
        "node": ">=22"
      }
    }
  }
}
